
Microsoft Visual Studio Solution File, Format Version 12.00
# Visual Studio 15
VisualStudioVersion = 15.0.26124.0
MinimumVisualStudioVersion = 15.0.26124.0
Project("{2150E333-8FDC-42A3-9474-1A3956D46DE8}") = "src", "src", "{C6675046-DC1A-4990-870D-D61FB6B30B01}"
EndProject
Project("{FAE04EC0-301F-11D3-BF4B-00C04F79EFBC}") = "Exline.Framework", "src\Exline.Framework\Exline.Framework.csproj", "{043ADE50-C193-466F-A9CA-C7AC00FD831A}"
EndProject
Project("{FAE04EC0-301F-11D3-BF4B-00C04F79EFBC}") = "Exline.Framework.Data.MongoDB", "src\Exline.Framework.Data.MongoDB\Exline.Framework.Data.MongoDB.csproj", "{247C62BC-AAEA-4E04-9A7A-F1DFBD9207E7}"
EndProject
Global
	GlobalSection(SolutionConfigurationPlatforms) = preSolution
		Debug|Any CPU = Debug|Any CPU
		Debug|x64 = Debug|x64
		Debug|x86 = Debug|x86
		Release|Any CPU = Release|Any CPU
		Release|x64 = Release|x64
		Release|x86 = Release|x86
	EndGlobalSection
	GlobalSection(SolutionProperties) = preSolution
		HideSolutionNode = FALSE
	EndGlobalSection
	GlobalSection(ProjectConfigurationPlatforms) = postSolution
		{043ADE50-C193-466F-A9CA-C7AC00FD831A}.Debug|Any CPU.ActiveCfg = Debug|Any CPU
		{043ADE50-C193-466F-A9CA-C7AC00FD831A}.Debug|Any CPU.Build.0 = Debug|Any CPU
		{043ADE50-C193-466F-A9CA-C7AC00FD831A}.Debug|x64.ActiveCfg = Debug|x64
		{043ADE50-C193-466F-A9CA-C7AC00FD831A}.Debug|x64.Build.0 = Debug|x64
		{043ADE50-C193-466F-A9CA-C7AC00FD831A}.Debug|x86.ActiveCfg = Debug|x86
		{043ADE50-C193-466F-A9CA-C7AC00FD831A}.Debug|x86.Build.0 = Debug|x86
		{043ADE50-C193-466F-A9CA-C7AC00FD831A}.Release|Any CPU.ActiveCfg = Release|Any CPU
		{043ADE50-C193-466F-A9CA-C7AC00FD831A}.Release|Any CPU.Build.0 = Release|Any CPU
		{043ADE50-C193-466F-A9CA-C7AC00FD831A}.Release|x64.ActiveCfg = Release|x64
		{043ADE50-C193-466F-A9CA-C7AC00FD831A}.Release|x64.Build.0 = Release|x64
		{043ADE50-C193-466F-A9CA-C7AC00FD831A}.Release|x86.ActiveCfg = Release|x86
		{043ADE50-C193-466F-A9CA-C7AC00FD831A}.Release|x86.Build.0 = Release|x86
		{247C62BC-AAEA-4E04-9A7A-F1DFBD9207E7}.Debug|Any CPU.ActiveCfg = Debug|Any CPU
		{247C62BC-AAEA-4E04-9A7A-F1DFBD9207E7}.Debug|Any CPU.Build.0 = Debug|Any CPU
		{247C62BC-AAEA-4E04-9A7A-F1DFBD9207E7}.Debug|x64.ActiveCfg = Debug|x64
		{247C62BC-AAEA-4E04-9A7A-F1DFBD9207E7}.Debug|x64.Build.0 = Debug|x64
		{247C62BC-AAEA-4E04-9A7A-F1DFBD9207E7}.Debug|x86.ActiveCfg = Debug|x86
		{247C62BC-AAEA-4E04-9A7A-F1DFBD9207E7}.Debug|x86.Build.0 = Debug|x86
		{247C62BC-AAEA-4E04-9A7A-F1DFBD9207E7}.Release|Any CPU.ActiveCfg = Release|Any CPU
		{247C62BC-AAEA-4E04-9A7A-F1DFBD9207E7}.Release|Any CPU.Build.0 = Release|Any CPU
		{247C62BC-AAEA-4E04-9A7A-F1DFBD9207E7}.Release|x64.ActiveCfg = Release|x64
		{247C62BC-AAEA-4E04-9A7A-F1DFBD9207E7}.Release|x64.Build.0 = Release|x64
		{247C62BC-AAEA-4E04-9A7A-F1DFBD9207E7}.Release|x86.ActiveCfg = Release|x86
		{247C62BC-AAEA-4E04-9A7A-F1DFBD9207E7}.Release|x86.Build.0 = Release|x86
	EndGlobalSection
	GlobalSection(NestedProjects) = preSolution
		{043ADE50-C193-466F-A9CA-C7AC00FD831A} = {C6675046-DC1A-4990-870D-D61FB6B30B01}
		{247C62BC-AAEA-4E04-9A7A-F1DFBD9207E7} = {C6675046-DC1A-4990-870D-D61FB6B30B01}
	EndGlobalSection
EndGlobal
