
Microsoft Visual Studio Solution File, Format Version 12.00
# Visual Studio 15
VisualStudioVersion = 15.0.26124.0
MinimumVisualStudioVersion = 15.0.26124.0
Project("{2150E333-8FDC-42A3-9474-1A3956D46DE8}") = "src", "src", "{C6675046-DC1A-4990-870D-D61FB6B30B01}"
EndProject
Project("{FAE04EC0-301F-11D3-BF4B-00C04F79EFBC}") = "Exline.Framework", "src\Exline.Framework\Exline.Framework.csproj", "{043ADE50-C193-466F-A9CA-C7AC00FD831A}"
EndProject
Project("{FAE04EC0-301F-11D3-BF4B-00C04F79EFBC}") = "Exline.Framework.Data.MongoDB", "src\Exline.Framework.Data.MongoDB\Exline.Framework.Data.MongoDB.csproj", "{247C62BC-AAEA-4E04-9A7A-F1DFBD9207E7}"
EndProject
Project("{FAE04EC0-301F-11D3-BF4B-00C04F79EFBC}") = "Exline.Framework.Data.InMemory", "src\Exline.Framework.Data.InMemory\Exline.Framework.Data.InMemory.csproj", "{6FCA00EB-5E30-4D30-8E95-D5FABA4417FE}"
EndProject
Project("{2150E333-8FDC-42A3-9474-1A3956D46DE8}") = "test", "test", "{FA6CD46F-B66C-4BA7-A918-FB1EDD67453C}"
EndProject
Project("{FAE04EC0-301F-11D3-BF4B-00C04F79EFBC}") = "Exline.Framework.Data.InMemory.Test", "test\Exline.Framework.Data.InMemory.Test\Exline.Framework.Data.InMemory.Test.csproj", "{C225E071-7CCA-4E30-90B8-EE66513A6529}"
EndProject
Project("{FAE04EC0-301F-11D3-BF4B-00C04F79EFBC}") = "Exline.Framework.Data.MongoDB.Test", "test\Exline.Framework.Data.MongoDB.Test\Exline.Framework.Data.MongoDB.Test.csproj", "{17DE0FA1-A38C-4CD0-8E81-486D602DE3BE}"
EndProject
Project("{FAE04EC0-301F-11D3-BF4B-00C04F79EFBC}") = "Exline.Framework.Test", "test\Exline.Framework.Test\Exline.Framework.Test.csproj", "{E8867F20-0507-4946-BC0B-98D3A5A7CAAD}"
EndProject
Project("{FAE04EC0-301F-11D3-BF4B-00C04F79EFBC}") = "Exline.Framework.Data.Sql", "src\Exline.Framework.Data.Sql\Exline.Framework.Data.Sql.csproj", "{40356509-E17D-4EC9-B46C-7BD16C5A3E2B}"
EndProject
Project("{FAE04EC0-301F-11D3-BF4B-00C04F79EFBC}") = "Exline.Framework.Data.Sql.Dapper", "src\Exline.Framework.Data.Sql.Dapper\Exline.Framework.Data.Sql.Dapper.csproj", "{33B51F82-805E-4CA2-BE1B-EA924E60BB2C}"
EndProject
Project("{FAE04EC0-301F-11D3-BF4B-00C04F79EFBC}") = "Exline.Framework.Data.Sql.Dapper.Test", "test\Exline.Framework.Data.Sql.Dapper.Test\Exline.Framework.Data.Sql.Dapper.Test.csproj", "{80544ACC-0D7E-49CC-BDAD-2A0DF121DCF6}"
EndProject
Project("{FAE04EC0-301F-11D3-BF4B-00C04F79EFBC}") = "Exline.Framework.Authorization.Facebook", "src\Exline.Framework.Authorization.Facebook\Exline.Framework.Authorization.Facebook.csproj", "{C864AB41-4246-4FF0-A0C1-824A98B276EB}"
EndProject
Project("{FAE04EC0-301F-11D3-BF4B-00C04F79EFBC}") = "Exline.Framework.Authorization.Facebook.Test", "test\Exline.Framework.Authorization.Facebook.Test\Exline.Framework.Authorization.Facebook.Test.csproj", "{27142470-9123-4675-AE13-500F96390915}"
EndProject
Project("{FAE04EC0-301F-11D3-BF4B-00C04F79EFBC}") = "Exline.Framework.DependencyInjection", "src\Exline.Framework.DependencyInjection\Exline.Framework.DependencyInjection.csproj", "{CDD28BDF-6F4C-4601-83ED-5487FE8F71FE}"
EndProject
Project("{FAE04EC0-301F-11D3-BF4B-00C04F79EFBC}") = "Exline.Framework.Web", "src\Exline.Framework.Web\Exline.Framework.Web.csproj", "{918D5154-DCB4-458B-A2C6-9A2950FD569A}"
EndProject
Global
	GlobalSection(SolutionConfigurationPlatforms) = preSolution
		Debug|Any CPU = Debug|Any CPU
		Debug|x64 = Debug|x64
		Debug|x86 = Debug|x86
		Release|Any CPU = Release|Any CPU
		Release|x64 = Release|x64
		Release|x86 = Release|x86
	EndGlobalSection
	GlobalSection(SolutionProperties) = preSolution
		HideSolutionNode = FALSE
	EndGlobalSection
	GlobalSection(ProjectConfigurationPlatforms) = postSolution
		{043ADE50-C193-466F-A9CA-C7AC00FD831A}.Debug|Any CPU.ActiveCfg = Debug|Any CPU
		{043ADE50-C193-466F-A9CA-C7AC00FD831A}.Debug|Any CPU.Build.0 = Debug|Any CPU
		{043ADE50-C193-466F-A9CA-C7AC00FD831A}.Debug|x64.ActiveCfg = Debug|x64
		{043ADE50-C193-466F-A9CA-C7AC00FD831A}.Debug|x64.Build.0 = Debug|x64
		{043ADE50-C193-466F-A9CA-C7AC00FD831A}.Debug|x86.ActiveCfg = Debug|x86
		{043ADE50-C193-466F-A9CA-C7AC00FD831A}.Debug|x86.Build.0 = Debug|x86
		{043ADE50-C193-466F-A9CA-C7AC00FD831A}.Release|Any CPU.ActiveCfg = Release|Any CPU
		{043ADE50-C193-466F-A9CA-C7AC00FD831A}.Release|Any CPU.Build.0 = Release|Any CPU
		{043ADE50-C193-466F-A9CA-C7AC00FD831A}.Release|x64.ActiveCfg = Release|x64
		{043ADE50-C193-466F-A9CA-C7AC00FD831A}.Release|x64.Build.0 = Release|x64
		{043ADE50-C193-466F-A9CA-C7AC00FD831A}.Release|x86.ActiveCfg = Release|x86
		{043ADE50-C193-466F-A9CA-C7AC00FD831A}.Release|x86.Build.0 = Release|x86
		{247C62BC-AAEA-4E04-9A7A-F1DFBD9207E7}.Debug|Any CPU.ActiveCfg = Debug|Any CPU
		{247C62BC-AAEA-4E04-9A7A-F1DFBD9207E7}.Debug|Any CPU.Build.0 = Debug|Any CPU
		{247C62BC-AAEA-4E04-9A7A-F1DFBD9207E7}.Debug|x64.ActiveCfg = Debug|x64
		{247C62BC-AAEA-4E04-9A7A-F1DFBD9207E7}.Debug|x64.Build.0 = Debug|x64
		{247C62BC-AAEA-4E04-9A7A-F1DFBD9207E7}.Debug|x86.ActiveCfg = Debug|x86
		{247C62BC-AAEA-4E04-9A7A-F1DFBD9207E7}.Debug|x86.Build.0 = Debug|x86
		{247C62BC-AAEA-4E04-9A7A-F1DFBD9207E7}.Release|Any CPU.ActiveCfg = Release|Any CPU
		{247C62BC-AAEA-4E04-9A7A-F1DFBD9207E7}.Release|Any CPU.Build.0 = Release|Any CPU
		{247C62BC-AAEA-4E04-9A7A-F1DFBD9207E7}.Release|x64.ActiveCfg = Release|x64
		{247C62BC-AAEA-4E04-9A7A-F1DFBD9207E7}.Release|x64.Build.0 = Release|x64
		{247C62BC-AAEA-4E04-9A7A-F1DFBD9207E7}.Release|x86.ActiveCfg = Release|x86
		{247C62BC-AAEA-4E04-9A7A-F1DFBD9207E7}.Release|x86.Build.0 = Release|x86
		{6FCA00EB-5E30-4D30-8E95-D5FABA4417FE}.Debug|Any CPU.ActiveCfg = Debug|Any CPU
		{6FCA00EB-5E30-4D30-8E95-D5FABA4417FE}.Debug|Any CPU.Build.0 = Debug|Any CPU
		{6FCA00EB-5E30-4D30-8E95-D5FABA4417FE}.Debug|x64.ActiveCfg = Debug|x64
		{6FCA00EB-5E30-4D30-8E95-D5FABA4417FE}.Debug|x64.Build.0 = Debug|x64
		{6FCA00EB-5E30-4D30-8E95-D5FABA4417FE}.Debug|x86.ActiveCfg = Debug|x86
		{6FCA00EB-5E30-4D30-8E95-D5FABA4417FE}.Debug|x86.Build.0 = Debug|x86
		{6FCA00EB-5E30-4D30-8E95-D5FABA4417FE}.Release|Any CPU.ActiveCfg = Release|Any CPU
		{6FCA00EB-5E30-4D30-8E95-D5FABA4417FE}.Release|Any CPU.Build.0 = Release|Any CPU
		{6FCA00EB-5E30-4D30-8E95-D5FABA4417FE}.Release|x64.ActiveCfg = Release|x64
		{6FCA00EB-5E30-4D30-8E95-D5FABA4417FE}.Release|x64.Build.0 = Release|x64
		{6FCA00EB-5E30-4D30-8E95-D5FABA4417FE}.Release|x86.ActiveCfg = Release|x86
		{6FCA00EB-5E30-4D30-8E95-D5FABA4417FE}.Release|x86.Build.0 = Release|x86
		{C225E071-7CCA-4E30-90B8-EE66513A6529}.Debug|Any CPU.ActiveCfg = Debug|Any CPU
		{C225E071-7CCA-4E30-90B8-EE66513A6529}.Debug|Any CPU.Build.0 = Debug|Any CPU
		{C225E071-7CCA-4E30-90B8-EE66513A6529}.Debug|x64.ActiveCfg = Debug|x64
		{C225E071-7CCA-4E30-90B8-EE66513A6529}.Debug|x64.Build.0 = Debug|x64
		{C225E071-7CCA-4E30-90B8-EE66513A6529}.Debug|x86.ActiveCfg = Debug|x86
		{C225E071-7CCA-4E30-90B8-EE66513A6529}.Debug|x86.Build.0 = Debug|x86
		{C225E071-7CCA-4E30-90B8-EE66513A6529}.Release|Any CPU.ActiveCfg = Release|Any CPU
		{C225E071-7CCA-4E30-90B8-EE66513A6529}.Release|Any CPU.Build.0 = Release|Any CPU
		{C225E071-7CCA-4E30-90B8-EE66513A6529}.Release|x64.ActiveCfg = Release|x64
		{C225E071-7CCA-4E30-90B8-EE66513A6529}.Release|x64.Build.0 = Release|x64
		{C225E071-7CCA-4E30-90B8-EE66513A6529}.Release|x86.ActiveCfg = Release|x86
		{C225E071-7CCA-4E30-90B8-EE66513A6529}.Release|x86.Build.0 = Release|x86
		{17DE0FA1-A38C-4CD0-8E81-486D602DE3BE}.Debug|Any CPU.ActiveCfg = Debug|Any CPU
		{17DE0FA1-A38C-4CD0-8E81-486D602DE3BE}.Debug|Any CPU.Build.0 = Debug|Any CPU
		{17DE0FA1-A38C-4CD0-8E81-486D602DE3BE}.Debug|x64.ActiveCfg = Debug|x64
		{17DE0FA1-A38C-4CD0-8E81-486D602DE3BE}.Debug|x64.Build.0 = Debug|x64
		{17DE0FA1-A38C-4CD0-8E81-486D602DE3BE}.Debug|x86.ActiveCfg = Debug|x86
		{17DE0FA1-A38C-4CD0-8E81-486D602DE3BE}.Debug|x86.Build.0 = Debug|x86
		{17DE0FA1-A38C-4CD0-8E81-486D602DE3BE}.Release|Any CPU.ActiveCfg = Release|Any CPU
		{17DE0FA1-A38C-4CD0-8E81-486D602DE3BE}.Release|Any CPU.Build.0 = Release|Any CPU
		{17DE0FA1-A38C-4CD0-8E81-486D602DE3BE}.Release|x64.ActiveCfg = Release|x64
		{17DE0FA1-A38C-4CD0-8E81-486D602DE3BE}.Release|x64.Build.0 = Release|x64
		{17DE0FA1-A38C-4CD0-8E81-486D602DE3BE}.Release|x86.ActiveCfg = Release|x86
		{17DE0FA1-A38C-4CD0-8E81-486D602DE3BE}.Release|x86.Build.0 = Release|x86
		{E8867F20-0507-4946-BC0B-98D3A5A7CAAD}.Debug|Any CPU.ActiveCfg = Debug|Any CPU
		{E8867F20-0507-4946-BC0B-98D3A5A7CAAD}.Debug|Any CPU.Build.0 = Debug|Any CPU
		{E8867F20-0507-4946-BC0B-98D3A5A7CAAD}.Debug|x64.ActiveCfg = Debug|x64
		{E8867F20-0507-4946-BC0B-98D3A5A7CAAD}.Debug|x64.Build.0 = Debug|x64
		{E8867F20-0507-4946-BC0B-98D3A5A7CAAD}.Debug|x86.ActiveCfg = Debug|x86
		{E8867F20-0507-4946-BC0B-98D3A5A7CAAD}.Debug|x86.Build.0 = Debug|x86
		{E8867F20-0507-4946-BC0B-98D3A5A7CAAD}.Release|Any CPU.ActiveCfg = Release|Any CPU
		{E8867F20-0507-4946-BC0B-98D3A5A7CAAD}.Release|Any CPU.Build.0 = Release|Any CPU
		{E8867F20-0507-4946-BC0B-98D3A5A7CAAD}.Release|x64.ActiveCfg = Release|x64
		{E8867F20-0507-4946-BC0B-98D3A5A7CAAD}.Release|x64.Build.0 = Release|x64
		{E8867F20-0507-4946-BC0B-98D3A5A7CAAD}.Release|x86.ActiveCfg = Release|x86
		{E8867F20-0507-4946-BC0B-98D3A5A7CAAD}.Release|x86.Build.0 = Release|x86
		{40356509-E17D-4EC9-B46C-7BD16C5A3E2B}.Debug|Any CPU.ActiveCfg = Debug|Any CPU
		{40356509-E17D-4EC9-B46C-7BD16C5A3E2B}.Debug|Any CPU.Build.0 = Debug|Any CPU
		{40356509-E17D-4EC9-B46C-7BD16C5A3E2B}.Debug|x64.ActiveCfg = Debug|x64
		{40356509-E17D-4EC9-B46C-7BD16C5A3E2B}.Debug|x64.Build.0 = Debug|x64
		{40356509-E17D-4EC9-B46C-7BD16C5A3E2B}.Debug|x86.ActiveCfg = Debug|x86
		{40356509-E17D-4EC9-B46C-7BD16C5A3E2B}.Debug|x86.Build.0 = Debug|x86
		{40356509-E17D-4EC9-B46C-7BD16C5A3E2B}.Release|Any CPU.ActiveCfg = Release|Any CPU
		{40356509-E17D-4EC9-B46C-7BD16C5A3E2B}.Release|Any CPU.Build.0 = Release|Any CPU
		{40356509-E17D-4EC9-B46C-7BD16C5A3E2B}.Release|x64.ActiveCfg = Release|x64
		{40356509-E17D-4EC9-B46C-7BD16C5A3E2B}.Release|x64.Build.0 = Release|x64
		{40356509-E17D-4EC9-B46C-7BD16C5A3E2B}.Release|x86.ActiveCfg = Release|x86
		{40356509-E17D-4EC9-B46C-7BD16C5A3E2B}.Release|x86.Build.0 = Release|x86
		{33B51F82-805E-4CA2-BE1B-EA924E60BB2C}.Debug|Any CPU.ActiveCfg = Debug|Any CPU
		{33B51F82-805E-4CA2-BE1B-EA924E60BB2C}.Debug|Any CPU.Build.0 = Debug|Any CPU
		{33B51F82-805E-4CA2-BE1B-EA924E60BB2C}.Debug|x64.ActiveCfg = Debug|x64
		{33B51F82-805E-4CA2-BE1B-EA924E60BB2C}.Debug|x64.Build.0 = Debug|x64
		{33B51F82-805E-4CA2-BE1B-EA924E60BB2C}.Debug|x86.ActiveCfg = Debug|x86
		{33B51F82-805E-4CA2-BE1B-EA924E60BB2C}.Debug|x86.Build.0 = Debug|x86
		{33B51F82-805E-4CA2-BE1B-EA924E60BB2C}.Release|Any CPU.ActiveCfg = Release|Any CPU
		{33B51F82-805E-4CA2-BE1B-EA924E60BB2C}.Release|Any CPU.Build.0 = Release|Any CPU
		{33B51F82-805E-4CA2-BE1B-EA924E60BB2C}.Release|x64.ActiveCfg = Release|x64
		{33B51F82-805E-4CA2-BE1B-EA924E60BB2C}.Release|x64.Build.0 = Release|x64
		{33B51F82-805E-4CA2-BE1B-EA924E60BB2C}.Release|x86.ActiveCfg = Release|x86
		{33B51F82-805E-4CA2-BE1B-EA924E60BB2C}.Release|x86.Build.0 = Release|x86
		{80544ACC-0D7E-49CC-BDAD-2A0DF121DCF6}.Debug|Any CPU.ActiveCfg = Debug|Any CPU
		{80544ACC-0D7E-49CC-BDAD-2A0DF121DCF6}.Debug|Any CPU.Build.0 = Debug|Any CPU
		{80544ACC-0D7E-49CC-BDAD-2A0DF121DCF6}.Debug|x64.ActiveCfg = Debug|x64
		{80544ACC-0D7E-49CC-BDAD-2A0DF121DCF6}.Debug|x64.Build.0 = Debug|x64
		{80544ACC-0D7E-49CC-BDAD-2A0DF121DCF6}.Debug|x86.ActiveCfg = Debug|x86
		{80544ACC-0D7E-49CC-BDAD-2A0DF121DCF6}.Debug|x86.Build.0 = Debug|x86
		{80544ACC-0D7E-49CC-BDAD-2A0DF121DCF6}.Release|Any CPU.ActiveCfg = Release|Any CPU
		{80544ACC-0D7E-49CC-BDAD-2A0DF121DCF6}.Release|Any CPU.Build.0 = Release|Any CPU
		{80544ACC-0D7E-49CC-BDAD-2A0DF121DCF6}.Release|x64.ActiveCfg = Release|x64
		{80544ACC-0D7E-49CC-BDAD-2A0DF121DCF6}.Release|x64.Build.0 = Release|x64
		{80544ACC-0D7E-49CC-BDAD-2A0DF121DCF6}.Release|x86.ActiveCfg = Release|x86
		{80544ACC-0D7E-49CC-BDAD-2A0DF121DCF6}.Release|x86.Build.0 = Release|x86
		{C864AB41-4246-4FF0-A0C1-824A98B276EB}.Debug|Any CPU.ActiveCfg = Debug|Any CPU
		{C864AB41-4246-4FF0-A0C1-824A98B276EB}.Debug|Any CPU.Build.0 = Debug|Any CPU
		{C864AB41-4246-4FF0-A0C1-824A98B276EB}.Debug|x64.ActiveCfg = Debug|x64
		{C864AB41-4246-4FF0-A0C1-824A98B276EB}.Debug|x64.Build.0 = Debug|x64
		{C864AB41-4246-4FF0-A0C1-824A98B276EB}.Debug|x86.ActiveCfg = Debug|x86
		{C864AB41-4246-4FF0-A0C1-824A98B276EB}.Debug|x86.Build.0 = Debug|x86
		{C864AB41-4246-4FF0-A0C1-824A98B276EB}.Release|Any CPU.ActiveCfg = Release|Any CPU
		{C864AB41-4246-4FF0-A0C1-824A98B276EB}.Release|Any CPU.Build.0 = Release|Any CPU
		{C864AB41-4246-4FF0-A0C1-824A98B276EB}.Release|x64.ActiveCfg = Release|x64
		{C864AB41-4246-4FF0-A0C1-824A98B276EB}.Release|x64.Build.0 = Release|x64
		{C864AB41-4246-4FF0-A0C1-824A98B276EB}.Release|x86.ActiveCfg = Release|x86
		{C864AB41-4246-4FF0-A0C1-824A98B276EB}.Release|x86.Build.0 = Release|x86
		{27142470-9123-4675-AE13-500F96390915}.Debug|Any CPU.ActiveCfg = Debug|Any CPU
		{27142470-9123-4675-AE13-500F96390915}.Debug|Any CPU.Build.0 = Debug|Any CPU
		{27142470-9123-4675-AE13-500F96390915}.Debug|x64.ActiveCfg = Debug|x64
		{27142470-9123-4675-AE13-500F96390915}.Debug|x64.Build.0 = Debug|x64
		{27142470-9123-4675-AE13-500F96390915}.Debug|x86.ActiveCfg = Debug|x86
		{27142470-9123-4675-AE13-500F96390915}.Debug|x86.Build.0 = Debug|x86
		{27142470-9123-4675-AE13-500F96390915}.Release|Any CPU.ActiveCfg = Release|Any CPU
		{27142470-9123-4675-AE13-500F96390915}.Release|Any CPU.Build.0 = Release|Any CPU
		{27142470-9123-4675-AE13-500F96390915}.Release|x64.ActiveCfg = Release|x64
		{27142470-9123-4675-AE13-500F96390915}.Release|x64.Build.0 = Release|x64
		{27142470-9123-4675-AE13-500F96390915}.Release|x86.ActiveCfg = Release|x86
		{27142470-9123-4675-AE13-500F96390915}.Release|x86.Build.0 = Release|x86
		{CDD28BDF-6F4C-4601-83ED-5487FE8F71FE}.Debug|Any CPU.ActiveCfg = Debug|Any CPU
		{CDD28BDF-6F4C-4601-83ED-5487FE8F71FE}.Debug|Any CPU.Build.0 = Debug|Any CPU
		{CDD28BDF-6F4C-4601-83ED-5487FE8F71FE}.Debug|x64.ActiveCfg = Debug|x64
		{CDD28BDF-6F4C-4601-83ED-5487FE8F71FE}.Debug|x64.Build.0 = Debug|x64
		{CDD28BDF-6F4C-4601-83ED-5487FE8F71FE}.Debug|x86.ActiveCfg = Debug|x86
		{CDD28BDF-6F4C-4601-83ED-5487FE8F71FE}.Debug|x86.Build.0 = Debug|x86
		{CDD28BDF-6F4C-4601-83ED-5487FE8F71FE}.Release|Any CPU.ActiveCfg = Release|Any CPU
		{CDD28BDF-6F4C-4601-83ED-5487FE8F71FE}.Release|Any CPU.Build.0 = Release|Any CPU
		{CDD28BDF-6F4C-4601-83ED-5487FE8F71FE}.Release|x64.ActiveCfg = Release|x64
		{CDD28BDF-6F4C-4601-83ED-5487FE8F71FE}.Release|x64.Build.0 = Release|x64
		{CDD28BDF-6F4C-4601-83ED-5487FE8F71FE}.Release|x86.ActiveCfg = Release|x86
		{CDD28BDF-6F4C-4601-83ED-5487FE8F71FE}.Release|x86.Build.0 = Release|x86
		{918D5154-DCB4-458B-A2C6-9A2950FD569A}.Debug|Any CPU.ActiveCfg = Debug|Any CPU
		{918D5154-DCB4-458B-A2C6-9A2950FD569A}.Debug|Any CPU.Build.0 = Debug|Any CPU
		{918D5154-DCB4-458B-A2C6-9A2950FD569A}.Debug|x64.ActiveCfg = Debug|x64
		{918D5154-DCB4-458B-A2C6-9A2950FD569A}.Debug|x64.Build.0 = Debug|x64
		{918D5154-DCB4-458B-A2C6-9A2950FD569A}.Debug|x86.ActiveCfg = Debug|x86
		{918D5154-DCB4-458B-A2C6-9A2950FD569A}.Debug|x86.Build.0 = Debug|x86
		{918D5154-DCB4-458B-A2C6-9A2950FD569A}.Release|Any CPU.ActiveCfg = Release|Any CPU
		{918D5154-DCB4-458B-A2C6-9A2950FD569A}.Release|Any CPU.Build.0 = Release|Any CPU
		{918D5154-DCB4-458B-A2C6-9A2950FD569A}.Release|x64.ActiveCfg = Release|x64
		{918D5154-DCB4-458B-A2C6-9A2950FD569A}.Release|x64.Build.0 = Release|x64
		{918D5154-DCB4-458B-A2C6-9A2950FD569A}.Release|x86.ActiveCfg = Release|x86
		{918D5154-DCB4-458B-A2C6-9A2950FD569A}.Release|x86.Build.0 = Release|x86
	EndGlobalSection
	GlobalSection(NestedProjects) = preSolution
		{043ADE50-C193-466F-A9CA-C7AC00FD831A} = {C6675046-DC1A-4990-870D-D61FB6B30B01}
		{247C62BC-AAEA-4E04-9A7A-F1DFBD9207E7} = {C6675046-DC1A-4990-870D-D61FB6B30B01}
		{6FCA00EB-5E30-4D30-8E95-D5FABA4417FE} = {C6675046-DC1A-4990-870D-D61FB6B30B01}
		{C225E071-7CCA-4E30-90B8-EE66513A6529} = {FA6CD46F-B66C-4BA7-A918-FB1EDD67453C}
		{17DE0FA1-A38C-4CD0-8E81-486D602DE3BE} = {FA6CD46F-B66C-4BA7-A918-FB1EDD67453C}
		{E8867F20-0507-4946-BC0B-98D3A5A7CAAD} = {FA6CD46F-B66C-4BA7-A918-FB1EDD67453C}
		{33B51F82-805E-4CA2-BE1B-EA924E60BB2C} = {C6675046-DC1A-4990-870D-D61FB6B30B01}
		{80544ACC-0D7E-49CC-BDAD-2A0DF121DCF6} = {FA6CD46F-B66C-4BA7-A918-FB1EDD67453C}
		{C864AB41-4246-4FF0-A0C1-824A98B276EB} = {C6675046-DC1A-4990-870D-D61FB6B30B01}
		{27142470-9123-4675-AE13-500F96390915} = {FA6CD46F-B66C-4BA7-A918-FB1EDD67453C}
		{CDD28BDF-6F4C-4601-83ED-5487FE8F71FE} = {C6675046-DC1A-4990-870D-D61FB6B30B01}
		{918D5154-DCB4-458B-A2C6-9A2950FD569A} = {C6675046-DC1A-4990-870D-D61FB6B30B01}
	EndGlobalSection
EndGlobal
